// !$*UTF8*$!
{
	archiveVersion = 1;
	classes = {
	};
	objectVersion = 56;
	objects = {

/* Begin PBXBuildFile section */
		1001DF342B93C27600435861 /* AppDelegate.swift in Sources */ = {isa = PBXBuildFile; fileRef = 1001DF332B93C27600435861 /* AppDelegate.swift */; };
		1001DF362B93C27600435861 /* SceneDelegate.swift in Sources */ = {isa = PBXBuildFile; fileRef = 1001DF352B93C27600435861 /* SceneDelegate.swift */; };
		1001DF3B2B93C27600435861 /* Main.storyboard in Resources */ = {isa = PBXBuildFile; fileRef = 1001DF392B93C27600435861 /* Main.storyboard */; };
		1001DF3E2B93C27600435861 /* NBAStatsPlus.xcdatamodeld in Sources */ = {isa = PBXBuildFile; fileRef = 1001DF3C2B93C27600435861 /* NBAStatsPlus.xcdatamodeld */; };
		1001DF402B93C27700435861 /* Assets.xcassets in Resources */ = {isa = PBXBuildFile; fileRef = 1001DF3F2B93C27700435861 /* Assets.xcassets */; };
		1001DF432B93C27700435861 /* LaunchScreen.storyboard in Resources */ = {isa = PBXBuildFile; fileRef = 1001DF412B93C27700435861 /* LaunchScreen.storyboard */; };
		1001DF4E2B93C27700435861 /* NBAStatsPlusTests.swift in Sources */ = {isa = PBXBuildFile; fileRef = 1001DF4D2B93C27700435861 /* NBAStatsPlusTests.swift */; };
		1001DF582B93C27700435861 /* NBAStatsPlusUITests.swift in Sources */ = {isa = PBXBuildFile; fileRef = 1001DF572B93C27700435861 /* NBAStatsPlusUITests.swift */; };
		1001DF5A2B93C27700435861 /* NBAStatsPlusUITestsLaunchTests.swift in Sources */ = {isa = PBXBuildFile; fileRef = 1001DF592B93C27700435861 /* NBAStatsPlusUITestsLaunchTests.swift */; };
		1001DF6C2B93C32200435861 /* OnboardingView.swift in Sources */ = {isa = PBXBuildFile; fileRef = 1001DF6B2B93C32200435861 /* OnboardingView.swift */; };
		1001DF6E2B93C42800435861 /* PageViews.swift in Sources */ = {isa = PBXBuildFile; fileRef = 1001DF6D2B93C42800435861 /* PageViews.swift */; };
		1001DF712B93C6B100435861 /* LoginView.swift in Sources */ = {isa = PBXBuildFile; fileRef = 1001DF702B93C6B100435861 /* LoginView.swift */; };
		1001DF732B93C6F500435861 /* SignupView.swift in Sources */ = {isa = PBXBuildFile; fileRef = 1001DF722B93C6F500435861 /* SignupView.swift */; };
		1001DF762B93C79D00435861 /* AuthenticationTopView.swift in Sources */ = {isa = PBXBuildFile; fileRef = 1001DF752B93C79D00435861 /* AuthenticationTopView.swift */; };
		1001DF792B93C7FB00435861 /* SignupFirebaseModel.swift in Sources */ = {isa = PBXBuildFile; fileRef = 1001DF782B93C7FB00435861 /* SignupFirebaseModel.swift */; };
		1001DF7B2B93C84200435861 /* LoginFirebaseModel.swift in Sources */ = {isa = PBXBuildFile; fileRef = 1001DF7A2B93C84200435861 /* LoginFirebaseModel.swift */; };
/* End PBXBuildFile section */

/* Begin PBXContainerItemProxy section */
		1001DF4A2B93C27700435861 /* PBXContainerItemProxy */ = {
			isa = PBXContainerItemProxy;
			containerPortal = 1001DF282B93C27600435861 /* Project object */;
			proxyType = 1;
			remoteGlobalIDString = 1001DF2F2B93C27600435861;
			remoteInfo = NBAStatsPlus;
		};
		1001DF542B93C27700435861 /* PBXContainerItemProxy */ = {
			isa = PBXContainerItemProxy;
			containerPortal = 1001DF282B93C27600435861 /* Project object */;
			proxyType = 1;
			remoteGlobalIDString = 1001DF2F2B93C27600435861;
			remoteInfo = NBAStatsPlus;
		};
/* End PBXContainerItemProxy section */

/* Begin PBXFileReference section */
		1001DF302B93C27600435861 /* NBAStatsPlus.app */ = {isa = PBXFileReference; explicitFileType = wrapper.application; includeInIndex = 0; path = NBAStatsPlus.app; sourceTree = BUILT_PRODUCTS_DIR; };
		1001DF332B93C27600435861 /* AppDelegate.swift */ = {isa = PBXFileReference; lastKnownFileType = sourcecode.swift; path = AppDelegate.swift; sourceTree = "<group>"; };
		1001DF352B93C27600435861 /* SceneDelegate.swift */ = {isa = PBXFileReference; lastKnownFileType = sourcecode.swift; path = SceneDelegate.swift; sourceTree = "<group>"; };
		1001DF3A2B93C27600435861 /* Base */ = {isa = PBXFileReference; lastKnownFileType = file.storyboard; name = Base; path = Base.lproj/Main.storyboard; sourceTree = "<group>"; };
		1001DF3D2B93C27600435861 /* NBAStatsPlus.xcdatamodel */ = {isa = PBXFileReference; lastKnownFileType = wrapper.xcdatamodel; path = NBAStatsPlus.xcdatamodel; sourceTree = "<group>"; };
		1001DF3F2B93C27700435861 /* Assets.xcassets */ = {isa = PBXFileReference; lastKnownFileType = folder.assetcatalog; path = Assets.xcassets; sourceTree = "<group>"; };
		1001DF422B93C27700435861 /* Base */ = {isa = PBXFileReference; lastKnownFileType = file.storyboard; name = Base; path = Base.lproj/LaunchScreen.storyboard; sourceTree = "<group>"; };
		1001DF442B93C27700435861 /* Info.plist */ = {isa = PBXFileReference; lastKnownFileType = text.plist.xml; path = Info.plist; sourceTree = "<group>"; };
		1001DF492B93C27700435861 /* NBAStatsPlusTests.xctest */ = {isa = PBXFileReference; explicitFileType = wrapper.cfbundle; includeInIndex = 0; path = NBAStatsPlusTests.xctest; sourceTree = BUILT_PRODUCTS_DIR; };
		1001DF4D2B93C27700435861 /* NBAStatsPlusTests.swift */ = {isa = PBXFileReference; lastKnownFileType = sourcecode.swift; path = NBAStatsPlusTests.swift; sourceTree = "<group>"; };
		1001DF532B93C27700435861 /* NBAStatsPlusUITests.xctest */ = {isa = PBXFileReference; explicitFileType = wrapper.cfbundle; includeInIndex = 0; path = NBAStatsPlusUITests.xctest; sourceTree = BUILT_PRODUCTS_DIR; };
		1001DF572B93C27700435861 /* NBAStatsPlusUITests.swift */ = {isa = PBXFileReference; lastKnownFileType = sourcecode.swift; path = NBAStatsPlusUITests.swift; sourceTree = "<group>"; };
		1001DF592B93C27700435861 /* NBAStatsPlusUITestsLaunchTests.swift */ = {isa = PBXFileReference; lastKnownFileType = sourcecode.swift; path = NBAStatsPlusUITestsLaunchTests.swift; sourceTree = "<group>"; };
		1001DF6B2B93C32200435861 /* OnboardingView.swift */ = {isa = PBXFileReference; lastKnownFileType = sourcecode.swift; path = OnboardingView.swift; sourceTree = "<group>"; };
		1001DF6D2B93C42800435861 /* PageViews.swift */ = {isa = PBXFileReference; lastKnownFileType = sourcecode.swift; path = PageViews.swift; sourceTree = "<group>"; };
		1001DF702B93C6B100435861 /* LoginView.swift */ = {isa = PBXFileReference; lastKnownFileType = sourcecode.swift; path = LoginView.swift; sourceTree = "<group>"; };
		1001DF722B93C6F500435861 /* SignupView.swift */ = {isa = PBXFileReference; lastKnownFileType = sourcecode.swift; path = SignupView.swift; sourceTree = "<group>"; };
		1001DF752B93C79D00435861 /* AuthenticationTopView.swift */ = {isa = PBXFileReference; lastKnownFileType = sourcecode.swift; path = AuthenticationTopView.swift; sourceTree = "<group>"; };
		1001DF782B93C7FB00435861 /* SignupFirebaseModel.swift */ = {isa = PBXFileReference; lastKnownFileType = sourcecode.swift; path = SignupFirebaseModel.swift; sourceTree = "<group>"; };
		1001DF7A2B93C84200435861 /* LoginFirebaseModel.swift */ = {isa = PBXFileReference; lastKnownFileType = sourcecode.swift; path = LoginFirebaseModel.swift; sourceTree = "<group>"; };
/* End PBXFileReference section */

/* Begin PBXFrameworksBuildPhase section */
		1001DF2D2B93C27600435861 /* Frameworks */ = {
			isa = PBXFrameworksBuildPhase;
			buildActionMask = 2147483647;
			files = (
			);
			runOnlyForDeploymentPostprocessing = 0;
		};
		1001DF462B93C27700435861 /* Frameworks */ = {
			isa = PBXFrameworksBuildPhase;
			buildActionMask = 2147483647;
			files = (
			);
			runOnlyForDeploymentPostprocessing = 0;
		};
		1001DF502B93C27700435861 /* Frameworks */ = {
			isa = PBXFrameworksBuildPhase;
			buildActionMask = 2147483647;
			files = (
			);
			runOnlyForDeploymentPostprocessing = 0;
		};
/* End PBXFrameworksBuildPhase section */

/* Begin PBXGroup section */
		1001DF272B93C27600435861 = {
			isa = PBXGroup;
			children = (
				1001DF322B93C27600435861 /* NBAStatsPlus */,
				1001DF4C2B93C27700435861 /* NBAStatsPlusTests */,
				1001DF562B93C27700435861 /* NBAStatsPlusUITests */,
				1001DF312B93C27600435861 /* Products */,
			);
			sourceTree = "<group>";
		};
		1001DF312B93C27600435861 /* Products */ = {
			isa = PBXGroup;
			children = (
				1001DF302B93C27600435861 /* NBAStatsPlus.app */,
				1001DF492B93C27700435861 /* NBAStatsPlusTests.xctest */,
				1001DF532B93C27700435861 /* NBAStatsPlusUITests.xctest */,
			);
			name = Products;
			sourceTree = "<group>";
		};
		1001DF322B93C27600435861 /* NBAStatsPlus */ = {
			isa = PBXGroup;
			children = (
				1001DF6A2B93C2F700435861 /* Storyboard */,
				1001DF692B93C2EA00435861 /* Model */,
				1001DF682B93C2E600435861 /* ViewModel */,
				1001DF672B93C2E000435861 /* View */,
				1001DF662B93C2AA00435861 /* Delegates */,
				1001DF3F2B93C27700435861 /* Assets.xcassets */,
				1001DF442B93C27700435861 /* Info.plist */,
				1001DF3C2B93C27600435861 /* NBAStatsPlus.xcdatamodeld */,
			);
			path = NBAStatsPlus;
			sourceTree = "<group>";
		};
		1001DF4C2B93C27700435861 /* NBAStatsPlusTests */ = {
			isa = PBXGroup;
			children = (
				1001DF4D2B93C27700435861 /* NBAStatsPlusTests.swift */,
			);
			path = NBAStatsPlusTests;
			sourceTree = "<group>";
		};
		1001DF562B93C27700435861 /* NBAStatsPlusUITests */ = {
			isa = PBXGroup;
			children = (
				1001DF572B93C27700435861 /* NBAStatsPlusUITests.swift */,
				1001DF592B93C27700435861 /* NBAStatsPlusUITestsLaunchTests.swift */,
			);
			path = NBAStatsPlusUITests;
			sourceTree = "<group>";
		};
		1001DF662B93C2AA00435861 /* Delegates */ = {
			isa = PBXGroup;
			children = (
				1001DF352B93C27600435861 /* SceneDelegate.swift */,
				1001DF332B93C27600435861 /* AppDelegate.swift */,
			);
			path = Delegates;
			sourceTree = "<group>";
		};
		1001DF672B93C2E000435861 /* View */ = {
			isa = PBXGroup;
			children = (
				1001DF742B93C71400435861 /* OnboardingView */,
			);
			path = View;
			sourceTree = "<group>";
		};
		1001DF682B93C2E600435861 /* ViewModel */ = {
			isa = PBXGroup;
			children = (
			);
			path = ViewModel;
			sourceTree = "<group>";
		};
		1001DF692B93C2EA00435861 /* Model */ = {
			isa = PBXGroup;
			children = (
				1001DF772B93C7DE00435861 /* AuthenticationModel */,
			);
			path = Model;
			sourceTree = "<group>";
		};
		1001DF6A2B93C2F700435861 /* Storyboard */ = {
			isa = PBXGroup;
			children = (
				1001DF392B93C27600435861 /* Main.storyboard */,
				1001DF412B93C27700435861 /* LaunchScreen.storyboard */,
			);
			path = Storyboard;
			sourceTree = "<group>";
		};
		1001DF742B93C71400435861 /* OnboardingView */ = {
			isa = PBXGroup;
			children = (
				1001DF702B93C6B100435861 /* LoginView.swift */,
				1001DF6B2B93C32200435861 /* OnboardingView.swift */,
				1001DF6D2B93C42800435861 /* PageViews.swift */,
				1001DF722B93C6F500435861 /* SignupView.swift */,
				1001DF752B93C79D00435861 /* AuthenticationTopView.swift */,
			);
			path = OnboardingView;
			sourceTree = "<group>";
		};
		1001DF772B93C7DE00435861 /* AuthenticationModel */ = {
			isa = PBXGroup;
			children = (
				1001DF782B93C7FB00435861 /* SignupFirebaseModel.swift */,
				1001DF7A2B93C84200435861 /* LoginFirebaseModel.swift */,
			);
			path = AuthenticationModel;
			sourceTree = "<group>";
		};
/* End PBXGroup section */

/* Begin PBXNativeTarget section */
		1001DF2F2B93C27600435861 /* NBAStatsPlus */ = {
			isa = PBXNativeTarget;
			buildConfigurationList = 1001DF5D2B93C27700435861 /* Build configuration list for PBXNativeTarget "NBAStatsPlus" */;
			buildPhases = (
				1001DF2C2B93C27600435861 /* Sources */,
				1001DF2D2B93C27600435861 /* Frameworks */,
				1001DF2E2B93C27600435861 /* Resources */,
			);
			buildRules = (
			);
			dependencies = (
			);
			name = NBAStatsPlus;
			productName = NBAStatsPlus;
			productReference = 1001DF302B93C27600435861 /* NBAStatsPlus.app */;
			productType = "com.apple.product-type.application";
		};
		1001DF482B93C27700435861 /* NBAStatsPlusTests */ = {
			isa = PBXNativeTarget;
			buildConfigurationList = 1001DF602B93C27700435861 /* Build configuration list for PBXNativeTarget "NBAStatsPlusTests" */;
			buildPhases = (
				1001DF452B93C27700435861 /* Sources */,
				1001DF462B93C27700435861 /* Frameworks */,
				1001DF472B93C27700435861 /* Resources */,
			);
			buildRules = (
			);
			dependencies = (
				1001DF4B2B93C27700435861 /* PBXTargetDependency */,
			);
			name = NBAStatsPlusTests;
			productName = NBAStatsPlusTests;
			productReference = 1001DF492B93C27700435861 /* NBAStatsPlusTests.xctest */;
			productType = "com.apple.product-type.bundle.unit-test";
		};
		1001DF522B93C27700435861 /* NBAStatsPlusUITests */ = {
			isa = PBXNativeTarget;
			buildConfigurationList = 1001DF632B93C27700435861 /* Build configuration list for PBXNativeTarget "NBAStatsPlusUITests" */;
			buildPhases = (
				1001DF4F2B93C27700435861 /* Sources */,
				1001DF502B93C27700435861 /* Frameworks */,
				1001DF512B93C27700435861 /* Resources */,
			);
			buildRules = (
			);
			dependencies = (
				1001DF552B93C27700435861 /* PBXTargetDependency */,
			);
			name = NBAStatsPlusUITests;
			productName = NBAStatsPlusUITests;
			productReference = 1001DF532B93C27700435861 /* NBAStatsPlusUITests.xctest */;
			productType = "com.apple.product-type.bundle.ui-testing";
		};
/* End PBXNativeTarget section */

/* Begin PBXProject section */
		1001DF282B93C27600435861 /* Project object */ = {
			isa = PBXProject;
			attributes = {
				BuildIndependentTargetsInParallel = 1;
				LastSwiftUpdateCheck = 1430;
				LastUpgradeCheck = 1430;
				TargetAttributes = {
					1001DF2F2B93C27600435861 = {
						CreatedOnToolsVersion = 14.3;
					};
					1001DF482B93C27700435861 = {
						CreatedOnToolsVersion = 14.3;
						TestTargetID = 1001DF2F2B93C27600435861;
					};
					1001DF522B93C27700435861 = {
						CreatedOnToolsVersion = 14.3;
						TestTargetID = 1001DF2F2B93C27600435861;
					};
				};
			};
			buildConfigurationList = 1001DF2B2B93C27600435861 /* Build configuration list for PBXProject "NBAStatsPlus" */;
			compatibilityVersion = "Xcode 14.0";
			developmentRegion = en;
			hasScannedForEncodings = 0;
			knownRegions = (
				en,
				Base,
			);
			mainGroup = 1001DF272B93C27600435861;
			productRefGroup = 1001DF312B93C27600435861 /* Products */;
			projectDirPath = "";
			projectRoot = "";
			targets = (
				1001DF2F2B93C27600435861 /* NBAStatsPlus */,
				1001DF482B93C27700435861 /* NBAStatsPlusTests */,
				1001DF522B93C27700435861 /* NBAStatsPlusUITests */,
			);
		};
/* End PBXProject section */

/* Begin PBXResourcesBuildPhase section */
		1001DF2E2B93C27600435861 /* Resources */ = {
			isa = PBXResourcesBuildPhase;
			buildActionMask = 2147483647;
			files = (
				1001DF432B93C27700435861 /* LaunchScreen.storyboard in Resources */,
				1001DF402B93C27700435861 /* Assets.xcassets in Resources */,
				1001DF3B2B93C27600435861 /* Main.storyboard in Resources */,
			);
			runOnlyForDeploymentPostprocessing = 0;
		};
		1001DF472B93C27700435861 /* Resources */ = {
			isa = PBXResourcesBuildPhase;
			buildActionMask = 2147483647;
			files = (
			);
			runOnlyForDeploymentPostprocessing = 0;
		};
		1001DF512B93C27700435861 /* Resources */ = {
			isa = PBXResourcesBuildPhase;
			buildActionMask = 2147483647;
			files = (
			);
			runOnlyForDeploymentPostprocessing = 0;
		};
/* End PBXResourcesBuildPhase section */

/* Begin PBXSourcesBuildPhase section */
		1001DF2C2B93C27600435861 /* Sources */ = {
			isa = PBXSourcesBuildPhase;
			buildActionMask = 2147483647;
			files = (
				1001DF732B93C6F500435861 /* SignupView.swift in Sources */,
				1001DF712B93C6B100435861 /* LoginView.swift in Sources */,
				1001DF3E2B93C27600435861 /* NBAStatsPlus.xcdatamodeld in Sources */,
				1001DF342B93C27600435861 /* AppDelegate.swift in Sources */,
				1001DF762B93C79D00435861 /* AuthenticationTopView.swift in Sources */,
				1001DF792B93C7FB00435861 /* SignupFirebaseModel.swift in Sources */,
				1001DF7B2B93C84200435861 /* LoginFirebaseModel.swift in Sources */,
				1001DF6C2B93C32200435861 /* OnboardingView.swift in Sources */,
				1001DF6E2B93C42800435861 /* PageViews.swift in Sources */,
				1001DF362B93C27600435861 /* SceneDelegate.swift in Sources */,
			);
			runOnlyForDeploymentPostprocessing = 0;
		};
		1001DF452B93C27700435861 /* Sources */ = {
			isa = PBXSourcesBuildPhase;
			buildActionMask = 2147483647;
			files = (
				1001DF4E2B93C27700435861 /* NBAStatsPlusTests.swift in Sources */,
			);
			runOnlyForDeploymentPostprocessing = 0;
		};
		1001DF4F2B93C27700435861 /* Sources */ = {
			isa = PBXSourcesBuildPhase;
			buildActionMask = 2147483647;
			files = (
				1001DF5A2B93C27700435861 /* NBAStatsPlusUITestsLaunchTests.swift in Sources */,
				1001DF582B93C27700435861 /* NBAStatsPlusUITests.swift in Sources */,
			);
			runOnlyForDeploymentPostprocessing = 0;
		};
/* End PBXSourcesBuildPhase section */

/* Begin PBXTargetDependency section */
		1001DF4B2B93C27700435861 /* PBXTargetDependency */ = {
			isa = PBXTargetDependency;
			target = 1001DF2F2B93C27600435861 /* NBAStatsPlus */;
			targetProxy = 1001DF4A2B93C27700435861 /* PBXContainerItemProxy */;
		};
		1001DF552B93C27700435861 /* PBXTargetDependency */ = {
			isa = PBXTargetDependency;
			target = 1001DF2F2B93C27600435861 /* NBAStatsPlus */;
			targetProxy = 1001DF542B93C27700435861 /* PBXContainerItemProxy */;
		};
/* End PBXTargetDependency section */

/* Begin PBXVariantGroup section */
		1001DF392B93C27600435861 /* Main.storyboard */ = {
			isa = PBXVariantGroup;
			children = (
				1001DF3A2B93C27600435861 /* Base */,
			);
			name = Main.storyboard;
			sourceTree = "<group>";
		};
		1001DF412B93C27700435861 /* LaunchScreen.storyboard */ = {
			isa = PBXVariantGroup;
			children = (
				1001DF422B93C27700435861 /* Base */,
			);
			name = LaunchScreen.storyboard;
			sourceTree = "<group>";
		};
/* End PBXVariantGroup section */

/* Begin XCBuildConfiguration section */
		1001DF5B2B93C27700435861 /* Debug */ = {
			isa = XCBuildConfiguration;
			buildSettings = {
				ALWAYS_SEARCH_USER_PATHS = NO;
				CLANG_ANALYZER_NONNULL = YES;
				CLANG_ANALYZER_NUMBER_OBJECT_CONVERSION = YES_AGGRESSIVE;
				CLANG_CXX_LANGUAGE_STANDARD = "gnu++20";
				CLANG_ENABLE_MODULES = YES;
				CLANG_ENABLE_OBJC_ARC = YES;
				CLANG_ENABLE_OBJC_WEAK = YES;
				CLANG_WARN_BLOCK_CAPTURE_AUTORELEASING = YES;
				CLANG_WARN_BOOL_CONVERSION = YES;
				CLANG_WARN_COMMA = YES;
				CLANG_WARN_CONSTANT_CONVERSION = YES;
				CLANG_WARN_DEPRECATED_OBJC_IMPLEMENTATIONS = YES;
				CLANG_WARN_DIRECT_OBJC_ISA_USAGE = YES_ERROR;
				CLANG_WARN_DOCUMENTATION_COMMENTS = YES;
				CLANG_WARN_EMPTY_BODY = YES;
				CLANG_WARN_ENUM_CONVERSION = YES;
				CLANG_WARN_INFINITE_RECURSION = YES;
				CLANG_WARN_INT_CONVERSION = YES;
				CLANG_WARN_NON_LITERAL_NULL_CONVERSION = YES;
				CLANG_WARN_OBJC_IMPLICIT_RETAIN_SELF = YES;
				CLANG_WARN_OBJC_LITERAL_CONVERSION = YES;
				CLANG_WARN_OBJC_ROOT_CLASS = YES_ERROR;
				CLANG_WARN_QUOTED_INCLUDE_IN_FRAMEWORK_HEADER = YES;
				CLANG_WARN_RANGE_LOOP_ANALYSIS = YES;
				CLANG_WARN_STRICT_PROTOTYPES = YES;
				CLANG_WARN_SUSPICIOUS_MOVE = YES;
				CLANG_WARN_UNGUARDED_AVAILABILITY = YES_AGGRESSIVE;
				CLANG_WARN_UNREACHABLE_CODE = YES;
				CLANG_WARN__DUPLICATE_METHOD_MATCH = YES;
				COPY_PHASE_STRIP = NO;
				DEBUG_INFORMATION_FORMAT = dwarf;
				ENABLE_STRICT_OBJC_MSGSEND = YES;
				ENABLE_TESTABILITY = YES;
				GCC_C_LANGUAGE_STANDARD = gnu11;
				GCC_DYNAMIC_NO_PIC = NO;
				GCC_NO_COMMON_BLOCKS = YES;
				GCC_OPTIMIZATION_LEVEL = 0;
				GCC_PREPROCESSOR_DEFINITIONS = (
					"DEBUG=1",
					"$(inherited)",
				);
				GCC_WARN_64_TO_32_BIT_CONVERSION = YES;
				GCC_WARN_ABOUT_RETURN_TYPE = YES_ERROR;
				GCC_WARN_UNDECLARED_SELECTOR = YES;
				GCC_WARN_UNINITIALIZED_AUTOS = YES_AGGRESSIVE;
				GCC_WARN_UNUSED_FUNCTION = YES;
				GCC_WARN_UNUSED_VARIABLE = YES;
				IPHONEOS_DEPLOYMENT_TARGET = 16.4;
				MTL_ENABLE_DEBUG_INFO = INCLUDE_SOURCE;
				MTL_FAST_MATH = YES;
				ONLY_ACTIVE_ARCH = YES;
				SDKROOT = iphoneos;
				SWIFT_ACTIVE_COMPILATION_CONDITIONS = DEBUG;
				SWIFT_OPTIMIZATION_LEVEL = "-Onone";
			};
			name = Debug;
		};
		1001DF5C2B93C27700435861 /* Release */ = {
			isa = XCBuildConfiguration;
			buildSettings = {
				ALWAYS_SEARCH_USER_PATHS = NO;
				CLANG_ANALYZER_NONNULL = YES;
				CLANG_ANALYZER_NUMBER_OBJECT_CONVERSION = YES_AGGRESSIVE;
				CLANG_CXX_LANGUAGE_STANDARD = "gnu++20";
				CLANG_ENABLE_MODULES = YES;
				CLANG_ENABLE_OBJC_ARC = YES;
				CLANG_ENABLE_OBJC_WEAK = YES;
				CLANG_WARN_BLOCK_CAPTURE_AUTORELEASING = YES;
				CLANG_WARN_BOOL_CONVERSION = YES;
				CLANG_WARN_COMMA = YES;
				CLANG_WARN_CONSTANT_CONVERSION = YES;
				CLANG_WARN_DEPRECATED_OBJC_IMPLEMENTATIONS = YES;
				CLANG_WARN_DIRECT_OBJC_ISA_USAGE = YES_ERROR;
				CLANG_WARN_DOCUMENTATION_COMMENTS = YES;
				CLANG_WARN_EMPTY_BODY = YES;
				CLANG_WARN_ENUM_CONVERSION = YES;
				CLANG_WARN_INFINITE_RECURSION = YES;
				CLANG_WARN_INT_CONVERSION = YES;
				CLANG_WARN_NON_LITERAL_NULL_CONVERSION = YES;
				CLANG_WARN_OBJC_IMPLICIT_RETAIN_SELF = YES;
				CLANG_WARN_OBJC_LITERAL_CONVERSION = YES;
				CLANG_WARN_OBJC_ROOT_CLASS = YES_ERROR;
				CLANG_WARN_QUOTED_INCLUDE_IN_FRAMEWORK_HEADER = YES;
				CLANG_WARN_RANGE_LOOP_ANALYSIS = YES;
				CLANG_WARN_STRICT_PROTOTYPES = YES;
				CLANG_WARN_SUSPICIOUS_MOVE = YES;
				CLANG_WARN_UNGUARDED_AVAILABILITY = YES_AGGRESSIVE;
				CLANG_WARN_UNREACHABLE_CODE = YES;
				CLANG_WARN__DUPLICATE_METHOD_MATCH = YES;
				COPY_PHASE_STRIP = NO;
				DEBUG_INFORMATION_FORMAT = "dwarf-with-dsym";
				ENABLE_NS_ASSERTIONS = NO;
				ENABLE_STRICT_OBJC_MSGSEND = YES;
				GCC_C_LANGUAGE_STANDARD = gnu11;
				GCC_NO_COMMON_BLOCKS = YES;
				GCC_WARN_64_TO_32_BIT_CONVERSION = YES;
				GCC_WARN_ABOUT_RETURN_TYPE = YES_ERROR;
				GCC_WARN_UNDECLARED_SELECTOR = YES;
				GCC_WARN_UNINITIALIZED_AUTOS = YES_AGGRESSIVE;
				GCC_WARN_UNUSED_FUNCTION = YES;
				GCC_WARN_UNUSED_VARIABLE = YES;
				IPHONEOS_DEPLOYMENT_TARGET = 16.4;
				MTL_ENABLE_DEBUG_INFO = NO;
				MTL_FAST_MATH = YES;
				SDKROOT = iphoneos;
				SWIFT_COMPILATION_MODE = wholemodule;
				SWIFT_OPTIMIZATION_LEVEL = "-O";
				VALIDATE_PRODUCT = YES;
			};
			name = Release;
		};
		1001DF5E2B93C27700435861 /* Debug */ = {
			isa = XCBuildConfiguration;
			buildSettings = {
				ASSETCATALOG_COMPILER_APPICON_NAME = AppIcon;
				ASSETCATALOG_COMPILER_GLOBAL_ACCENT_COLOR_NAME = AccentColor;
				CODE_SIGN_STYLE = Automatic;
				CURRENT_PROJECT_VERSION = 1;
				DEVELOPMENT_TEAM = J65S4R7BFP;
				GENERATE_INFOPLIST_FILE = YES;
				INFOPLIST_FILE = NBAStatsPlus/Info.plist;
				INFOPLIST_KEY_UIApplicationSupportsIndirectInputEvents = YES;
				INFOPLIST_KEY_UILaunchStoryboardName = LaunchScreen;
				INFOPLIST_KEY_UIMainStoryboardFile = Main;
				INFOPLIST_KEY_UISupportedInterfaceOrientations_iPad = "UIInterfaceOrientationPortrait UIInterfaceOrientationPortraitUpsideDown UIInterfaceOrientationLandscapeLeft UIInterfaceOrientationLandscapeRight";
				INFOPLIST_KEY_UISupportedInterfaceOrientations_iPhone = "UIInterfaceOrientationPortrait UIInterfaceOrientationLandscapeLeft UIInterfaceOrientationLandscapeRight";
				LD_RUNPATH_SEARCH_PATHS = (
					"$(inherited)",
					"@executable_path/Frameworks",
				);
				MARKETING_VERSION = 1.0;
				PRODUCT_BUNDLE_IDENTIFIER = Koppang.NBAStatsPlus;
				PRODUCT_NAME = "$(TARGET_NAME)";
				SWIFT_EMIT_LOC_STRINGS = YES;
				SWIFT_VERSION = 5.0;
				TARGETED_DEVICE_FAMILY = "1,2";
			};
			name = Debug;
		};
		1001DF5F2B93C27700435861 /* Release */ = {
			isa = XCBuildConfiguration;
			buildSettings = {
				ASSETCATALOG_COMPILER_APPICON_NAME = AppIcon;
				ASSETCATALOG_COMPILER_GLOBAL_ACCENT_COLOR_NAME = AccentColor;
				CODE_SIGN_STYLE = Automatic;
				CURRENT_PROJECT_VERSION = 1;
				DEVELOPMENT_TEAM = J65S4R7BFP;
				GENERATE_INFOPLIST_FILE = YES;
				INFOPLIST_FILE = NBAStatsPlus/Info.plist;
				INFOPLIST_KEY_UIApplicationSupportsIndirectInputEvents = YES;
				INFOPLIST_KEY_UILaunchStoryboardName = LaunchScreen;
				INFOPLIST_KEY_UIMainStoryboardFile = Main;
				INFOPLIST_KEY_UISupportedInterfaceOrientations_iPad = "UIInterfaceOrientationPortrait UIInterfaceOrientationPortraitUpsideDown UIInterfaceOrientationLandscapeLeft UIInterfaceOrientationLandscapeRight";
				INFOPLIST_KEY_UISupportedInterfaceOrientations_iPhone = "UIInterfaceOrientationPortrait UIInterfaceOrientationLandscapeLeft UIInterfaceOrientationLandscapeRight";
				LD_RUNPATH_SEARCH_PATHS = (
					"$(inherited)",
					"@executable_path/Frameworks",
				);
				MARKETING_VERSION = 1.0;
				PRODUCT_BUNDLE_IDENTIFIER = Koppang.NBAStatsPlus;
				PRODUCT_NAME = "$(TARGET_NAME)";
				SWIFT_EMIT_LOC_STRINGS = YES;
				SWIFT_VERSION = 5.0;
				TARGETED_DEVICE_FAMILY = "1,2";
			};
			name = Release;
		};
		1001DF612B93C27700435861 /* Debug */ = {
			isa = XCBuildConfiguration;
			buildSettings = {
				ALWAYS_EMBED_SWIFT_STANDARD_LIBRARIES = YES;
				BUNDLE_LOADER = "$(TEST_HOST)";
				CODE_SIGN_STYLE = Automatic;
				CURRENT_PROJECT_VERSION = 1;
				DEVELOPMENT_TEAM = J65S4R7BFP;
				GENERATE_INFOPLIST_FILE = YES;
				IPHONEOS_DEPLOYMENT_TARGET = 16.4;
				MARKETING_VERSION = 1.0;
				PRODUCT_BUNDLE_IDENTIFIER = Koppang.NBAStatsPlusTests;
				PRODUCT_NAME = "$(TARGET_NAME)";
				SWIFT_EMIT_LOC_STRINGS = NO;
				SWIFT_VERSION = 5.0;
				TARGETED_DEVICE_FAMILY = "1,2";
				TEST_HOST = "$(BUILT_PRODUCTS_DIR)/NBAStatsPlus.app/$(BUNDLE_EXECUTABLE_FOLDER_PATH)/NBAStatsPlus";
			};
			name = Debug;
		};
		1001DF622B93C27700435861 /* Release */ = {
			isa = XCBuildConfiguration;
			buildSettings = {
				ALWAYS_EMBED_SWIFT_STANDARD_LIBRARIES = YES;
				BUNDLE_LOADER = "$(TEST_HOST)";
				CODE_SIGN_STYLE = Automatic;
				CURRENT_PROJECT_VERSION = 1;
				DEVELOPMENT_TEAM = J65S4R7BFP;
				GENERATE_INFOPLIST_FILE = YES;
				IPHONEOS_DEPLOYMENT_TARGET = 16.4;
				MARKETING_VERSION = 1.0;
				PRODUCT_BUNDLE_IDENTIFIER = Koppang.NBAStatsPlusTests;
				PRODUCT_NAME = "$(TARGET_NAME)";
				SWIFT_EMIT_LOC_STRINGS = NO;
				SWIFT_VERSION = 5.0;
				TARGETED_DEVICE_FAMILY = "1,2";
				TEST_HOST = "$(BUILT_PRODUCTS_DIR)/NBAStatsPlus.app/$(BUNDLE_EXECUTABLE_FOLDER_PATH)/NBAStatsPlus";
			};
			name = Release;
		};
		1001DF642B93C27700435861 /* Debug */ = {
			isa = XCBuildConfiguration;
			buildSettings = {
				ALWAYS_EMBED_SWIFT_STANDARD_LIBRARIES = YES;
				CODE_SIGN_STYLE = Automatic;
				CURRENT_PROJECT_VERSION = 1;
				DEVELOPMENT_TEAM = J65S4R7BFP;
				GENERATE_INFOPLIST_FILE = YES;
				MARKETING_VERSION = 1.0;
				PRODUCT_BUNDLE_IDENTIFIER = Koppang.NBAStatsPlusUITests;
				PRODUCT_NAME = "$(TARGET_NAME)";
				SWIFT_EMIT_LOC_STRINGS = NO;
				SWIFT_VERSION = 5.0;
				TARGETED_DEVICE_FAMILY = "1,2";
				TEST_TARGET_NAME = NBAStatsPlus;
			};
			name = Debug;
		};
		1001DF652B93C27700435861 /* Release */ = {
			isa = XCBuildConfiguration;
			buildSettings = {
				ALWAYS_EMBED_SWIFT_STANDARD_LIBRARIES = YES;
				CODE_SIGN_STYLE = Automatic;
				CURRENT_PROJECT_VERSION = 1;
				DEVELOPMENT_TEAM = J65S4R7BFP;
				GENERATE_INFOPLIST_FILE = YES;
				MARKETING_VERSION = 1.0;
				PRODUCT_BUNDLE_IDENTIFIER = Koppang.NBAStatsPlusUITests;
				PRODUCT_NAME = "$(TARGET_NAME)";
				SWIFT_EMIT_LOC_STRINGS = NO;
				SWIFT_VERSION = 5.0;
				TARGETED_DEVICE_FAMILY = "1,2";
				TEST_TARGET_NAME = NBAStatsPlus;
			};
			name = Release;
		};
/* End XCBuildConfiguration section */

/* Begin XCConfigurationList section */
		1001DF2B2B93C27600435861 /* Build configuration list for PBXProject "NBAStatsPlus" */ = {
			isa = XCConfigurationList;
			buildConfigurations = (
				1001DF5B2B93C27700435861 /* Debug */,
				1001DF5C2B93C27700435861 /* Release */,
			);
			defaultConfigurationIsVisible = 0;
			defaultConfigurationName = Release;
		};
		1001DF5D2B93C27700435861 /* Build configuration list for PBXNativeTarget "NBAStatsPlus" */ = {
			isa = XCConfigurationList;
			buildConfigurations = (
				1001DF5E2B93C27700435861 /* Debug */,
				1001DF5F2B93C27700435861 /* Release */,
			);
			defaultConfigurationIsVisible = 0;
			defaultConfigurationName = Release;
		};
		1001DF602B93C27700435861 /* Build configuration list for PBXNativeTarget "NBAStatsPlusTests" */ = {
			isa = XCConfigurationList;
			buildConfigurations = (
				1001DF612B93C27700435861 /* Debug */,
				1001DF622B93C27700435861 /* Release */,
			);
			defaultConfigurationIsVisible = 0;
			defaultConfigurationName = Release;
		};
		1001DF632B93C27700435861 /* Build configuration list for PBXNativeTarget "NBAStatsPlusUITests" */ = {
			isa = XCConfigurationList;
			buildConfigurations = (
				1001DF642B93C27700435861 /* Debug */,
				1001DF652B93C27700435861 /* Release */,
			);
			defaultConfigurationIsVisible = 0;
			defaultConfigurationName = Release;
		};
/* End XCConfigurationList section */

/* Begin XCVersionGroup section */
		1001DF3C2B93C27600435861 /* NBAStatsPlus.xcdatamodeld */ = {
			isa = XCVersionGroup;
			children = (
				1001DF3D2B93C27600435861 /* NBAStatsPlus.xcdatamodel */,
			);
			currentVersion = 1001DF3D2B93C27600435861 /* NBAStatsPlus.xcdatamodel */;
			path = NBAStatsPlus.xcdatamodeld;
			sourceTree = "<group>";
			versionGroupType = wrapper.xcdatamodel;
		};
/* End XCVersionGroup section */
	};
	rootObject = 1001DF282B93C27600435861 /* Project object */;
}
